// !$*UTF8*$!
{
	archiveVersion = 1;
	classes = {
	};
	objectVersion = 50;
	objects = {

/* Begin PBXBuildFile section */
		A53112E025EF16FE00E8E38A /* SocioBoxSwiftUIApp.swift in Sources */ = {isa = PBXBuildFile; fileRef = A53112DF25EF16FE00E8E38A /* SocioBoxSwiftUIApp.swift */; };
		A53112E425EF16FF00E8E38A /* Assets.xcassets in Resources */ = {isa = PBXBuildFile; fileRef = A53112E325EF16FF00E8E38A /* Assets.xcassets */; };
		A53112E725EF16FF00E8E38A /* Preview Assets.xcassets in Resources */ = {isa = PBXBuildFile; fileRef = A53112E625EF16FF00E8E38A /* Preview Assets.xcassets */; };
		A59321E025F117C9004A08D9 /* User.swift in Sources */ = {isa = PBXBuildFile; fileRef = A59321DF25F117C9004A08D9 /* User.swift */; };
		A59321E325F117ED004A08D9 /* Post.swift in Sources */ = {isa = PBXBuildFile; fileRef = A59321E225F117ED004A08D9 /* Post.swift */; };
		A59321E725F11841004A08D9 /* Mocks.swift in Sources */ = {isa = PBXBuildFile; fileRef = A59321E625F11841004A08D9 /* Mocks.swift */; };
		A59321EF25F118D3004A08D9 /* MainScreenViewModel.swift in Sources */ = {isa = PBXBuildFile; fileRef = A59321EE25F118D3004A08D9 /* MainScreenViewModel.swift */; };
		A59321F225F118E9004A08D9 /* PostsAPI.swift in Sources */ = {isa = PBXBuildFile; fileRef = A59321F125F118E9004A08D9 /* PostsAPI.swift */; };
		A59321F525F118F4004A08D9 /* UserAPI.swift in Sources */ = {isa = PBXBuildFile; fileRef = A59321F425F118F4004A08D9 /* UserAPI.swift */; };
		A59321F825F11900004A08D9 /* PhotosAPI.swift in Sources */ = {isa = PBXBuildFile; fileRef = A59321F725F11900004A08D9 /* PhotosAPI.swift */; };
		A59321FB25F11919004A08D9 /* UserProfileViewModel.swift in Sources */ = {isa = PBXBuildFile; fileRef = A59321FA25F11919004A08D9 /* UserProfileViewModel.swift */; };
		A59321FE25F11927004A08D9 /* UserPostsViewModel.swift in Sources */ = {isa = PBXBuildFile; fileRef = A59321FD25F11927004A08D9 /* UserPostsViewModel.swift */; };
		A593220125F1193B004A08D9 /* UserPhotosViewModel.swift in Sources */ = {isa = PBXBuildFile; fileRef = A593220025F1193B004A08D9 /* UserPhotosViewModel.swift */; };
		A593220725F11997004A08D9 /* MainScreen.swift in Sources */ = {isa = PBXBuildFile; fileRef = A593220625F11997004A08D9 /* MainScreen.swift */; };
		A593220D25F11C7F004A08D9 /* PostsListItemViewModel.swift in Sources */ = {isa = PBXBuildFile; fileRef = A593220C25F11C7F004A08D9 /* PostsListItemViewModel.swift */; };
		A593221025F11C8E004A08D9 /* PostsListItemView.swift in Sources */ = {isa = PBXBuildFile; fileRef = A593220F25F11C8E004A08D9 /* PostsListItemView.swift */; };
		A593221525F122B7004A08D9 /* ImageLoader.swift in Sources */ = {isa = PBXBuildFile; fileRef = A593221425F122B7004A08D9 /* ImageLoader.swift */; };
		A593221925F1271C004A08D9 /* UsersListItemView.swift in Sources */ = {isa = PBXBuildFile; fileRef = A593221825F1271C004A08D9 /* UsersListItemView.swift */; };
		A593221E25F128EA004A08D9 /* UserProfile.swift in Sources */ = {isa = PBXBuildFile; fileRef = A593221D25F128EA004A08D9 /* UserProfile.swift */; };
/* End PBXBuildFile section */

/* Begin PBXFileReference section */
		A53112DC25EF16FE00E8E38A /* SocioBoxSwiftUI.app */ = {isa = PBXFileReference; explicitFileType = wrapper.application; includeInIndex = 0; path = SocioBoxSwiftUI.app; sourceTree = BUILT_PRODUCTS_DIR; };
		A53112DF25EF16FE00E8E38A /* SocioBoxSwiftUIApp.swift */ = {isa = PBXFileReference; lastKnownFileType = sourcecode.swift; path = SocioBoxSwiftUIApp.swift; sourceTree = "<group>"; };
		A53112E325EF16FF00E8E38A /* Assets.xcassets */ = {isa = PBXFileReference; lastKnownFileType = folder.assetcatalog; path = Assets.xcassets; sourceTree = "<group>"; };
		A53112E625EF16FF00E8E38A /* Preview Assets.xcassets */ = {isa = PBXFileReference; lastKnownFileType = folder.assetcatalog; path = "Preview Assets.xcassets"; sourceTree = "<group>"; };
		A53112E825EF16FF00E8E38A /* Info.plist */ = {isa = PBXFileReference; lastKnownFileType = text.plist.xml; path = Info.plist; sourceTree = "<group>"; };
		A59321DF25F117C9004A08D9 /* User.swift */ = {isa = PBXFileReference; lastKnownFileType = sourcecode.swift; path = User.swift; sourceTree = "<group>"; };
		A59321E225F117ED004A08D9 /* Post.swift */ = {isa = PBXFileReference; lastKnownFileType = sourcecode.swift; path = Post.swift; sourceTree = "<group>"; };
		A59321E625F11841004A08D9 /* Mocks.swift */ = {isa = PBXFileReference; lastKnownFileType = sourcecode.swift; path = Mocks.swift; sourceTree = "<group>"; };
		A59321EE25F118D3004A08D9 /* MainScreenViewModel.swift */ = {isa = PBXFileReference; lastKnownFileType = sourcecode.swift; path = MainScreenViewModel.swift; sourceTree = "<group>"; };
		A59321F125F118E9004A08D9 /* PostsAPI.swift */ = {isa = PBXFileReference; lastKnownFileType = sourcecode.swift; path = PostsAPI.swift; sourceTree = "<group>"; };
		A59321F425F118F4004A08D9 /* UserAPI.swift */ = {isa = PBXFileReference; lastKnownFileType = sourcecode.swift; path = UserAPI.swift; sourceTree = "<group>"; };
		A59321F725F11900004A08D9 /* PhotosAPI.swift */ = {isa = PBXFileReference; lastKnownFileType = sourcecode.swift; path = PhotosAPI.swift; sourceTree = "<group>"; };
		A59321FA25F11919004A08D9 /* UserProfileViewModel.swift */ = {isa = PBXFileReference; lastKnownFileType = sourcecode.swift; path = UserProfileViewModel.swift; sourceTree = "<group>"; };
		A59321FD25F11927004A08D9 /* UserPostsViewModel.swift */ = {isa = PBXFileReference; lastKnownFileType = sourcecode.swift; path = UserPostsViewModel.swift; sourceTree = "<group>"; };
		A593220025F1193B004A08D9 /* UserPhotosViewModel.swift */ = {isa = PBXFileReference; lastKnownFileType = sourcecode.swift; path = UserPhotosViewModel.swift; sourceTree = "<group>"; };
		A593220625F11997004A08D9 /* MainScreen.swift */ = {isa = PBXFileReference; lastKnownFileType = sourcecode.swift; path = MainScreen.swift; sourceTree = "<group>"; };
		A593220C25F11C7F004A08D9 /* PostsListItemViewModel.swift */ = {isa = PBXFileReference; lastKnownFileType = sourcecode.swift; path = PostsListItemViewModel.swift; sourceTree = "<group>"; };
		A593220F25F11C8E004A08D9 /* PostsListItemView.swift */ = {isa = PBXFileReference; lastKnownFileType = sourcecode.swift; path = PostsListItemView.swift; sourceTree = "<group>"; };
		A593221425F122B7004A08D9 /* ImageLoader.swift */ = {isa = PBXFileReference; lastKnownFileType = sourcecode.swift; path = ImageLoader.swift; sourceTree = "<group>"; };
		A593221825F1271C004A08D9 /* UsersListItemView.swift */ = {isa = PBXFileReference; lastKnownFileType = sourcecode.swift; path = UsersListItemView.swift; sourceTree = "<group>"; };
		A593221D25F128EA004A08D9 /* UserProfile.swift */ = {isa = PBXFileReference; lastKnownFileType = sourcecode.swift; path = UserProfile.swift; sourceTree = "<group>"; };
/* End PBXFileReference section */

/* Begin PBXFrameworksBuildPhase section */
		A53112D925EF16FE00E8E38A /* Frameworks */ = {
			isa = PBXFrameworksBuildPhase;
			buildActionMask = 2147483647;
			files = (
			);
			runOnlyForDeploymentPostprocessing = 0;
		};
/* End PBXFrameworksBuildPhase section */

/* Begin PBXGroup section */
		A53112D325EF16FE00E8E38A = {
			isa = PBXGroup;
			children = (
				A53112DE25EF16FE00E8E38A /* SocioBoxSwiftUI */,
				A53112DD25EF16FE00E8E38A /* Products */,
			);
			sourceTree = "<group>";
		};
		A53112DD25EF16FE00E8E38A /* Products */ = {
			isa = PBXGroup;
			children = (
				A53112DC25EF16FE00E8E38A /* SocioBoxSwiftUI.app */,
			);
			name = Products;
			sourceTree = "<group>";
		};
		A53112DE25EF16FE00E8E38A /* SocioBoxSwiftUI */ = {
			isa = PBXGroup;
			children = (
				A593220A25F11C5B004A08D9 /* Common */,
				A59321EA25F1189A004A08D9 /* Screens */,
				A59321DD25F11794004A08D9 /* Data */,
				A53112DF25EF16FE00E8E38A /* SocioBoxSwiftUIApp.swift */,
				A53112E325EF16FF00E8E38A /* Assets.xcassets */,
				A53112E825EF16FF00E8E38A /* Info.plist */,
				A53112E525EF16FF00E8E38A /* Preview Content */,
			);
			path = SocioBoxSwiftUI;
			sourceTree = "<group>";
		};
		A53112E525EF16FF00E8E38A /* Preview Content */ = {
			isa = PBXGroup;
			children = (
				A53112E625EF16FF00E8E38A /* Preview Assets.xcassets */,
			);
			path = "Preview Content";
			sourceTree = "<group>";
		};
		A59321DD25F11794004A08D9 /* Data */ = {
			isa = PBXGroup;
			children = (
				A59321E525F1182C004A08D9 /* API */,
				A59321DE25F117BC004A08D9 /* Types */,
			);
			path = Data;
			sourceTree = "<group>";
		};
		A59321DE25F117BC004A08D9 /* Types */ = {
			isa = PBXGroup;
			children = (
				A59321DF25F117C9004A08D9 /* User.swift */,
				A59321E225F117ED004A08D9 /* Post.swift */,
			);
			path = Types;
			sourceTree = "<group>";
		};
		A59321E525F1182C004A08D9 /* API */ = {
			isa = PBXGroup;
			children = (
				A59321E625F11841004A08D9 /* Mocks.swift */,
				A59321F125F118E9004A08D9 /* PostsAPI.swift */,
				A59321F425F118F4004A08D9 /* UserAPI.swift */,
				A59321F725F11900004A08D9 /* PhotosAPI.swift */,
			);
			path = API;
			sourceTree = "<group>";
		};
		A59321EA25F1189A004A08D9 /* Screens */ = {
			isa = PBXGroup;
			children = (
				A59321ED25F118C1004A08D9 /* PostScreen */,
				A59321EC25F118B2004A08D9 /* FriendScreen */,
				A59321EB25F118A4004A08D9 /* MainScreen */,
			);
			path = Screens;
			sourceTree = "<group>";
		};
		A59321EB25F118A4004A08D9 /* MainScreen */ = {
			isa = PBXGroup;
			children = (
				A59321EE25F118D3004A08D9 /* MainScreenViewModel.swift */,
				A59321FA25F11919004A08D9 /* UserProfileViewModel.swift */,
				A59321FD25F11927004A08D9 /* UserPostsViewModel.swift */,
				A593220025F1193B004A08D9 /* UserPhotosViewModel.swift */,
				A593220625F11997004A08D9 /* MainScreen.swift */,
			);
			path = MainScreen;
			sourceTree = "<group>";
		};
		A59321EC25F118B2004A08D9 /* FriendScreen */ = {
			isa = PBXGroup;
			children = (
			);
			path = FriendScreen;
			sourceTree = "<group>";
		};
		A59321ED25F118C1004A08D9 /* PostScreen */ = {
			isa = PBXGroup;
			children = (
			);
			path = PostScreen;
			sourceTree = "<group>";
		};
		A593220A25F11C5B004A08D9 /* Common */ = {
			isa = PBXGroup;
			children = (
				A593221725F126FA004A08D9 /* Users */,
				A593221325F122AB004A08D9 /* Utilities */,
				A593220B25F11C6A004A08D9 /* Posts */,
			);
			path = Common;
			sourceTree = "<group>";
		};
		A593220B25F11C6A004A08D9 /* Posts */ = {
			isa = PBXGroup;
			children = (
				A593220C25F11C7F004A08D9 /* PostsListItemViewModel.swift */,
				A593220F25F11C8E004A08D9 /* PostsListItemView.swift */,
			);
			path = Posts;
			sourceTree = "<group>";
		};
		A593221325F122AB004A08D9 /* Utilities */ = {
			isa = PBXGroup;
			children = (
				A593221425F122B7004A08D9 /* ImageLoader.swift */,
			);
			path = Utilities;
			sourceTree = "<group>";
		};
		A593221725F126FA004A08D9 /* Users */ = {
			isa = PBXGroup;
			children = (
				A593221825F1271C004A08D9 /* UsersListItemView.swift */,
				A593221D25F128EA004A08D9 /* UserProfile.swift */,
			);
			path = Users;
			sourceTree = "<group>";
		};
/* End PBXGroup section */

/* Begin PBXNativeTarget section */
		A53112DB25EF16FE00E8E38A /* SocioBoxSwiftUI */ = {
			isa = PBXNativeTarget;
			buildConfigurationList = A53112EB25EF16FF00E8E38A /* Build configuration list for PBXNativeTarget "SocioBoxSwiftUI" */;
			buildPhases = (
				A53112D825EF16FE00E8E38A /* Sources */,
				A53112D925EF16FE00E8E38A /* Frameworks */,
				A53112DA25EF16FE00E8E38A /* Resources */,
			);
			buildRules = (
			);
			dependencies = (
			);
			name = SocioBoxSwiftUI;
			productName = SocioBoxSwiftUI;
			productReference = A53112DC25EF16FE00E8E38A /* SocioBoxSwiftUI.app */;
			productType = "com.apple.product-type.application";
		};
/* End PBXNativeTarget section */

/* Begin PBXProject section */
		A53112D425EF16FE00E8E38A /* Project object */ = {
			isa = PBXProject;
			attributes = {
				LastSwiftUpdateCheck = 1240;
				LastUpgradeCheck = 1240;
				TargetAttributes = {
					A53112DB25EF16FE00E8E38A = {
						CreatedOnToolsVersion = 12.4;
					};
				};
			};
			buildConfigurationList = A53112D725EF16FE00E8E38A /* Build configuration list for PBXProject "SocioBoxSwiftUI" */;
			compatibilityVersion = "Xcode 9.3";
			developmentRegion = en;
			hasScannedForEncodings = 0;
			knownRegions = (
				en,
				Base,
			);
			mainGroup = A53112D325EF16FE00E8E38A;
			productRefGroup = A53112DD25EF16FE00E8E38A /* Products */;
			projectDirPath = "";
			projectRoot = "";
			targets = (
				A53112DB25EF16FE00E8E38A /* SocioBoxSwiftUI */,
			);
		};
/* End PBXProject section */

/* Begin PBXResourcesBuildPhase section */
		A53112DA25EF16FE00E8E38A /* Resources */ = {
			isa = PBXResourcesBuildPhase;
			buildActionMask = 2147483647;
			files = (
				A53112E725EF16FF00E8E38A /* Preview Assets.xcassets in Resources */,
				A53112E425EF16FF00E8E38A /* Assets.xcassets in Resources */,
			);
			runOnlyForDeploymentPostprocessing = 0;
		};
/* End PBXResourcesBuildPhase section */

/* Begin PBXSourcesBuildPhase section */
		A53112D825EF16FE00E8E38A /* Sources */ = {
			isa = PBXSourcesBuildPhase;
			buildActionMask = 2147483647;
			files = (
				A593220D25F11C7F004A08D9 /* PostsListItemViewModel.swift in Sources */,
				A593220125F1193B004A08D9 /* UserPhotosViewModel.swift in Sources */,
				A593221525F122B7004A08D9 /* ImageLoader.swift in Sources */,
				A53112E025EF16FE00E8E38A /* SocioBoxSwiftUIApp.swift in Sources */,
				A59321E025F117C9004A08D9 /* User.swift in Sources */,
				A59321FE25F11927004A08D9 /* UserPostsViewModel.swift in Sources */,
				A593220725F11997004A08D9 /* MainScreen.swift in Sources */,
				A59321F525F118F4004A08D9 /* UserAPI.swift in Sources */,
				A59321F825F11900004A08D9 /* PhotosAPI.swift in Sources */,
				A59321E325F117ED004A08D9 /* Post.swift in Sources */,
				A593221025F11C8E004A08D9 /* PostsListItemView.swift in Sources */,
				A593221925F1271C004A08D9 /* UsersListItemView.swift in Sources */,
				A59321E725F11841004A08D9 /* Mocks.swift in Sources */,
				A59321FB25F11919004A08D9 /* UserProfileViewModel.swift in Sources */,
				A59321EF25F118D3004A08D9 /* MainScreenViewModel.swift in Sources */,
				A59321F225F118E9004A08D9 /* PostsAPI.swift in Sources */,
				A593221E25F128EA004A08D9 /* UserProfile.swift in Sources */,
			);
			runOnlyForDeploymentPostprocessing = 0;
		};
/* End PBXSourcesBuildPhase section */

/* Begin XCBuildConfiguration section */
		A53112E925EF16FF00E8E38A /* Debug */ = {
			isa = XCBuildConfiguration;
			buildSettings = {
				ALWAYS_SEARCH_USER_PATHS = NO;
				CLANG_ANALYZER_NONNULL = YES;
				CLANG_ANALYZER_NUMBER_OBJECT_CONVERSION = YES_AGGRESSIVE;
				CLANG_CXX_LANGUAGE_STANDARD = "gnu++14";
				CLANG_CXX_LIBRARY = "libc++";
				CLANG_ENABLE_MODULES = YES;
				CLANG_ENABLE_OBJC_ARC = YES;
				CLANG_ENABLE_OBJC_WEAK = YES;
				CLANG_WARN_BLOCK_CAPTURE_AUTORELEASING = YES;
				CLANG_WARN_BOOL_CONVERSION = YES;
				CLANG_WARN_COMMA = YES;
				CLANG_WARN_CONSTANT_CONVERSION = YES;
				CLANG_WARN_DEPRECATED_OBJC_IMPLEMENTATIONS = YES;
				CLANG_WARN_DIRECT_OBJC_ISA_USAGE = YES_ERROR;
				CLANG_WARN_DOCUMENTATION_COMMENTS = YES;
				CLANG_WARN_EMPTY_BODY = YES;
				CLANG_WARN_ENUM_CONVERSION = YES;
				CLANG_WARN_INFINITE_RECURSION = YES;
				CLANG_WARN_INT_CONVERSION = YES;
				CLANG_WARN_NON_LITERAL_NULL_CONVERSION = YES;
				CLANG_WARN_OBJC_IMPLICIT_RETAIN_SELF = YES;
				CLANG_WARN_OBJC_LITERAL_CONVERSION = YES;
				CLANG_WARN_OBJC_ROOT_CLASS = YES_ERROR;
				CLANG_WARN_QUOTED_INCLUDE_IN_FRAMEWORK_HEADER = YES;
				CLANG_WARN_RANGE_LOOP_ANALYSIS = YES;
				CLANG_WARN_STRICT_PROTOTYPES = YES;
				CLANG_WARN_SUSPICIOUS_MOVE = YES;
				CLANG_WARN_UNGUARDED_AVAILABILITY = YES_AGGRESSIVE;
				CLANG_WARN_UNREACHABLE_CODE = YES;
				CLANG_WARN__DUPLICATE_METHOD_MATCH = YES;
				COPY_PHASE_STRIP = NO;
				DEBUG_INFORMATION_FORMAT = dwarf;
				ENABLE_STRICT_OBJC_MSGSEND = YES;
				ENABLE_TESTABILITY = YES;
				GCC_C_LANGUAGE_STANDARD = gnu11;
				GCC_DYNAMIC_NO_PIC = NO;
				GCC_NO_COMMON_BLOCKS = YES;
				GCC_OPTIMIZATION_LEVEL = 0;
				GCC_PREPROCESSOR_DEFINITIONS = (
					"DEBUG=1",
					"$(inherited)",
				);
				GCC_WARN_64_TO_32_BIT_CONVERSION = YES;
				GCC_WARN_ABOUT_RETURN_TYPE = YES_ERROR;
				GCC_WARN_UNDECLARED_SELECTOR = YES;
				GCC_WARN_UNINITIALIZED_AUTOS = YES_AGGRESSIVE;
				GCC_WARN_UNUSED_FUNCTION = YES;
				GCC_WARN_UNUSED_VARIABLE = YES;
				IPHONEOS_DEPLOYMENT_TARGET = 14.4;
				MTL_ENABLE_DEBUG_INFO = INCLUDE_SOURCE;
				MTL_FAST_MATH = YES;
				ONLY_ACTIVE_ARCH = YES;
				SDKROOT = iphoneos;
				SWIFT_ACTIVE_COMPILATION_CONDITIONS = DEBUG;
				SWIFT_OPTIMIZATION_LEVEL = "-Onone";
			};
			name = Debug;
		};
		A53112EA25EF16FF00E8E38A /* Release */ = {
			isa = XCBuildConfiguration;
			buildSettings = {
				ALWAYS_SEARCH_USER_PATHS = NO;
				CLANG_ANALYZER_NONNULL = YES;
				CLANG_ANALYZER_NUMBER_OBJECT_CONVERSION = YES_AGGRESSIVE;
				CLANG_CXX_LANGUAGE_STANDARD = "gnu++14";
				CLANG_CXX_LIBRARY = "libc++";
				CLANG_ENABLE_MODULES = YES;
				CLANG_ENABLE_OBJC_ARC = YES;
				CLANG_ENABLE_OBJC_WEAK = YES;
				CLANG_WARN_BLOCK_CAPTURE_AUTORELEASING = YES;
				CLANG_WARN_BOOL_CONVERSION = YES;
				CLANG_WARN_COMMA = YES;
				CLANG_WARN_CONSTANT_CONVERSION = YES;
				CLANG_WARN_DEPRECATED_OBJC_IMPLEMENTATIONS = YES;
				CLANG_WARN_DIRECT_OBJC_ISA_USAGE = YES_ERROR;
				CLANG_WARN_DOCUMENTATION_COMMENTS = YES;
				CLANG_WARN_EMPTY_BODY = YES;
				CLANG_WARN_ENUM_CONVERSION = YES;
				CLANG_WARN_INFINITE_RECURSION = YES;
				CLANG_WARN_INT_CONVERSION = YES;
				CLANG_WARN_NON_LITERAL_NULL_CONVERSION = YES;
				CLANG_WARN_OBJC_IMPLICIT_RETAIN_SELF = YES;
				CLANG_WARN_OBJC_LITERAL_CONVERSION = YES;
				CLANG_WARN_OBJC_ROOT_CLASS = YES_ERROR;
				CLANG_WARN_QUOTED_INCLUDE_IN_FRAMEWORK_HEADER = YES;
				CLANG_WARN_RANGE_LOOP_ANALYSIS = YES;
				CLANG_WARN_STRICT_PROTOTYPES = YES;
				CLANG_WARN_SUSPICIOUS_MOVE = YES;
				CLANG_WARN_UNGUARDED_AVAILABILITY = YES_AGGRESSIVE;
				CLANG_WARN_UNREACHABLE_CODE = YES;
				CLANG_WARN__DUPLICATE_METHOD_MATCH = YES;
				COPY_PHASE_STRIP = NO;
				DEBUG_INFORMATION_FORMAT = "dwarf-with-dsym";
				ENABLE_NS_ASSERTIONS = NO;
				ENABLE_STRICT_OBJC_MSGSEND = YES;
				GCC_C_LANGUAGE_STANDARD = gnu11;
				GCC_NO_COMMON_BLOCKS = YES;
				GCC_WARN_64_TO_32_BIT_CONVERSION = YES;
				GCC_WARN_ABOUT_RETURN_TYPE = YES_ERROR;
				GCC_WARN_UNDECLARED_SELECTOR = YES;
				GCC_WARN_UNINITIALIZED_AUTOS = YES_AGGRESSIVE;
				GCC_WARN_UNUSED_FUNCTION = YES;
				GCC_WARN_UNUSED_VARIABLE = YES;
				IPHONEOS_DEPLOYMENT_TARGET = 14.4;
				MTL_ENABLE_DEBUG_INFO = NO;
				MTL_FAST_MATH = YES;
				SDKROOT = iphoneos;
				SWIFT_COMPILATION_MODE = wholemodule;
				SWIFT_OPTIMIZATION_LEVEL = "-O";
				VALIDATE_PRODUCT = YES;
			};
			name = Release;
		};
		A53112EC25EF16FF00E8E38A /* Debug */ = {
			isa = XCBuildConfiguration;
			buildSettings = {
				ASSETCATALOG_COMPILER_APPICON_NAME = AppIcon;
				ASSETCATALOG_COMPILER_GLOBAL_ACCENT_COLOR_NAME = AccentColor;
				CODE_SIGN_STYLE = Automatic;
				DEVELOPMENT_ASSET_PATHS = "\"SocioBoxSwiftUI/Preview Content\"";
				DEVELOPMENT_TEAM = U4VUF8G596;
				ENABLE_PREVIEWS = YES;
				INFOPLIST_FILE = SocioBoxSwiftUI/Info.plist;
				IPHONEOS_DEPLOYMENT_TARGET = 14.0;
				LD_RUNPATH_SEARCH_PATHS = (
					"$(inherited)",
					"@executable_path/Frameworks",
				);
				PRODUCT_BUNDLE_IDENTIFIER = "com.mount-olympus.SocioBoxSwiftUI";
				PRODUCT_NAME = "$(TARGET_NAME)";
				SWIFT_VERSION = 5.0;
				TARGETED_DEVICE_FAMILY = "1,2";
			};
			name = Debug;
		};
		A53112ED25EF16FF00E8E38A /* Release */ = {
			isa = XCBuildConfiguration;
			buildSettings = {
				ASSETCATALOG_COMPILER_APPICON_NAME = AppIcon;
				ASSETCATALOG_COMPILER_GLOBAL_ACCENT_COLOR_NAME = AccentColor;
				CODE_SIGN_STYLE = Automatic;
				DEVELOPMENT_ASSET_PATHS = "\"SocioBoxSwiftUI/Preview Content\"";
				DEVELOPMENT_TEAM = U4VUF8G596;
				ENABLE_PREVIEWS = YES;
				INFOPLIST_FILE = SocioBoxSwiftUI/Info.plist;
				IPHONEOS_DEPLOYMENT_TARGET = 14.0;
				LD_RUNPATH_SEARCH_PATHS = (
					"$(inherited)",
					"@executable_path/Frameworks",
				);
				PRODUCT_BUNDLE_IDENTIFIER = "com.mount-olympus.SocioBoxSwiftUI";
				PRODUCT_NAME = "$(TARGET_NAME)";
				SWIFT_VERSION = 5.0;
				TARGETED_DEVICE_FAMILY = "1,2";
			};
			name = Release;
		};
/* End XCBuildConfiguration section */

/* Begin XCConfigurationList section */
		A53112D725EF16FE00E8E38A /* Build configuration list for PBXProject "SocioBoxSwiftUI" */ = {
			isa = XCConfigurationList;
			buildConfigurations = (
				A53112E925EF16FF00E8E38A /* Debug */,
				A53112EA25EF16FF00E8E38A /* Release */,
			);
			defaultConfigurationIsVisible = 0;
			defaultConfigurationName = Release;
		};
		A53112EB25EF16FF00E8E38A /* Build configuration list for PBXNativeTarget "SocioBoxSwiftUI" */ = {
			isa = XCConfigurationList;
			buildConfigurations = (
				A53112EC25EF16FF00E8E38A /* Debug */,
				A53112ED25EF16FF00E8E38A /* Release */,
			);
			defaultConfigurationIsVisible = 0;
			defaultConfigurationName = Release;
		};
/* End XCConfigurationList section */
	};
	rootObject = A53112D425EF16FE00E8E38A /* Project object */;
}
